
Microsoft Visual Studio Solution File, Format Version 12.00
# Visual Studio Version 17
VisualStudioVersion = 17.1.32421.90
MinimumVisualStudioVersion = 10.0.40219.1
Project("{9A19103F-16F7-4668-BE54-9A1E7A4F7556}") = "MsBcConverter.Api", "src\MsBcConverter.Api\MsBcConverter.Api.csproj", "{FE26786A-5932-4BD4-A78F-020C44B3B134}"
EndProject
Project("{9A19103F-16F7-4668-BE54-9A1E7A4F7556}") = "MsBcConverter.Business", "src\MsBcConverter.Business\MsBcConverter.Business.csproj", "{18737CD6-ACDC-4434-BB92-E789959EBF7B}"
EndProject
Project("{9A19103F-16F7-4668-BE54-9A1E7A4F7556}") = "MsBcConverter.Interface", "src\MsBcConverter.Interface\MsBcConverter.Interface.csproj", "{BD587241-2391-42CA-B86A-C38594B36F69}"
EndProject
Project("{9A19103F-16F7-4668-BE54-9A1E7A4F7556}") = "MsBcConverter.Tests", "src\MsBcConverter.Tests\MsBcConverter.Tests.csproj", "{E8EF7E72-9366-4033-A7A7-A8136FD41AF6}"
EndProject
Global
	GlobalSection(SolutionConfigurationPlatforms) = preSolution
		Debug|Any CPU = Debug|Any CPU
		Release|Any CPU = Release|Any CPU
	EndGlobalSection
	GlobalSection(ProjectConfigurationPlatforms) = postSolution
		{FE26786A-5932-4BD4-A78F-020C44B3B134}.Debug|Any CPU.ActiveCfg = Debug|Any CPU
		{FE26786A-5932-4BD4-A78F-020C44B3B134}.Debug|Any CPU.Build.0 = Debug|Any CPU
		{FE26786A-5932-4BD4-A78F-020C44B3B134}.Release|Any CPU.ActiveCfg = Release|Any CPU
		{FE26786A-5932-4BD4-A78F-020C44B3B134}.Release|Any CPU.Build.0 = Release|Any CPU
		{18737CD6-ACDC-4434-BB92-E789959EBF7B}.Debug|Any CPU.ActiveCfg = Debug|Any CPU
		{18737CD6-ACDC-4434-BB92-E789959EBF7B}.Debug|Any CPU.Build.0 = Debug|Any CPU
		{18737CD6-ACDC-4434-BB92-E789959EBF7B}.Release|Any CPU.ActiveCfg = Release|Any CPU
		{18737CD6-ACDC-4434-BB92-E789959EBF7B}.Release|Any CPU.Build.0 = Release|Any CPU
		{BD587241-2391-42CA-B86A-C38594B36F69}.Debug|Any CPU.ActiveCfg = Debug|Any CPU
		{BD587241-2391-42CA-B86A-C38594B36F69}.Debug|Any CPU.Build.0 = Debug|Any CPU
		{BD587241-2391-42CA-B86A-C38594B36F69}.Release|Any CPU.ActiveCfg = Release|Any CPU
		{BD587241-2391-42CA-B86A-C38594B36F69}.Release|Any CPU.Build.0 = Release|Any CPU
		{E8EF7E72-9366-4033-A7A7-A8136FD41AF6}.Debug|Any CPU.ActiveCfg = Debug|Any CPU
		{E8EF7E72-9366-4033-A7A7-A8136FD41AF6}.Debug|Any CPU.Build.0 = Debug|Any CPU
		{E8EF7E72-9366-4033-A7A7-A8136FD41AF6}.Release|Any CPU.ActiveCfg = Release|Any CPU
		{E8EF7E72-9366-4033-A7A7-A8136FD41AF6}.Release|Any CPU.Build.0 = Release|Any CPU
	EndGlobalSection
	GlobalSection(SolutionProperties) = preSolution
		HideSolutionNode = FALSE
	EndGlobalSection
	GlobalSection(ExtensibilityGlobals) = postSolution
		SolutionGuid = {B62EAED3-42B9-483D-BB22-279E5BD6312A}
	EndGlobalSection
EndGlobal
